Microsoft Visual Studio Solution File, Format Version 12.00
# Visual Studio Version 17
VisualStudioVersion = 17.5.2.0
MinimumVisualStudioVersion = 10.0.40219.1
Project("{FAE04EC0-301F-11D3-BF4B-00C04F79EFBC}") = "QLThuQuan.WebPage", "QLThuQuan.WebPage.csproj", "{CBB83398-13F2-F460-6105-08A094DCD3F4}"
EndProject
Global
	GlobalSection(SolutionConfigurationPlatforms) = preSolution
		Debug|Any CPU = Debug|Any CPU
		Release|Any CPU = Release|Any CPU
	EndGlobalSection
	GlobalSection(ProjectConfigurationPlatforms) = postSolution
		{CBB83398-13F2-F460-6105-08A094DCD3F4}.Debug|Any CPU.ActiveCfg = Debug|Any CPU
		{CBB83398-13F2-F460-6105-08A094DCD3F4}.Debug|Any CPU.Build.0 = Debug|Any CPU
		{CBB83398-13F2-F460-6105-08A094DCD3F4}.Release|Any CPU.ActiveCfg = Release|Any CPU
		{CBB83398-13F2-F460-6105-08A094DCD3F4}.Release|Any CPU.Build.0 = Release|Any CPU
	EndGlobalSection
	GlobalSection(SolutionProperties) = preSolution
		HideSolutionNode = FALSE
	EndGlobalSection
	GlobalSection(ExtensibilityGlobals) = postSolution
		SolutionGuid = {E714E98F-7CFF-4870-9D60-869D58D3D768}
	EndGlobalSection
EndGlobal
